
Microsoft Visual Studio Solution File, Format Version 11.00
# Visual Studio 2010
Project("{FAE04EC0-301F-11D3-BF4B-00C04F79EFBC}") = "CSharpTutor", "CSharpTutor\CSharpTutor.csproj", "{ED636B0B-123B-47CC-85C2-D8AD6ACB879F}"
EndProject
Project("{FAE04EC0-301F-11D3-BF4B-00C04F79EFBC}") = "BusinessComponents", "BusinessComponents\BusinessComponents.csproj", "{479DAD90-5FF4-4195-AB7F-B2B131BAA744}"
EndProject
Project("{FAE04EC0-301F-11D3-BF4B-00C04F79EFBC}") = "Utility", "Utility\Utility.csproj", "{7D7EF590-3463-4299-B530-1B80F01A3AAE}"
EndProject
Project("{FAE04EC0-301F-11D3-BF4B-00C04F79EFBC}") = "BusinessObjects", "BusinessObjects\BusinessObjects.csproj", "{6C5885CD-C6BC-4EAB-B533-CEAB542ED0EB}"
EndProject
Global
	GlobalSection(SolutionConfigurationPlatforms) = preSolution
		Debug|Any CPU = Debug|Any CPU
		Debug|Mixed Platforms = Debug|Mixed Platforms
		Debug|x86 = Debug|x86
		Release|Any CPU = Release|Any CPU
		Release|Mixed Platforms = Release|Mixed Platforms
		Release|x86 = Release|x86
	EndGlobalSection
	GlobalSection(ProjectConfigurationPlatforms) = postSolution
		{ED636B0B-123B-47CC-85C2-D8AD6ACB879F}.Debug|Any CPU.ActiveCfg = Debug|x86
		{ED636B0B-123B-47CC-85C2-D8AD6ACB879F}.Debug|Mixed Platforms.ActiveCfg = Debug|x86
		{ED636B0B-123B-47CC-85C2-D8AD6ACB879F}.Debug|Mixed Platforms.Build.0 = Debug|x86
		{ED636B0B-123B-47CC-85C2-D8AD6ACB879F}.Debug|x86.ActiveCfg = Debug|x86
		{ED636B0B-123B-47CC-85C2-D8AD6ACB879F}.Debug|x86.Build.0 = Debug|x86
		{ED636B0B-123B-47CC-85C2-D8AD6ACB879F}.Release|Any CPU.ActiveCfg = Release|x86
		{ED636B0B-123B-47CC-85C2-D8AD6ACB879F}.Release|Mixed Platforms.ActiveCfg = Release|x86
		{ED636B0B-123B-47CC-85C2-D8AD6ACB879F}.Release|Mixed Platforms.Build.0 = Release|x86
		{ED636B0B-123B-47CC-85C2-D8AD6ACB879F}.Release|x86.ActiveCfg = Release|x86
		{ED636B0B-123B-47CC-85C2-D8AD6ACB879F}.Release|x86.Build.0 = Release|x86
		{479DAD90-5FF4-4195-AB7F-B2B131BAA744}.Debug|Any CPU.ActiveCfg = Debug|Any CPU
		{479DAD90-5FF4-4195-AB7F-B2B131BAA744}.Debug|Any CPU.Build.0 = Debug|Any CPU
		{479DAD90-5FF4-4195-AB7F-B2B131BAA744}.Debug|Mixed Platforms.ActiveCfg = Debug|Any CPU
		{479DAD90-5FF4-4195-AB7F-B2B131BAA744}.Debug|Mixed Platforms.Build.0 = Debug|Any CPU
		{479DAD90-5FF4-4195-AB7F-B2B131BAA744}.Debug|x86.ActiveCfg = Debug|Any CPU
		{479DAD90-5FF4-4195-AB7F-B2B131BAA744}.Release|Any CPU.ActiveCfg = Release|Any CPU
		{479DAD90-5FF4-4195-AB7F-B2B131BAA744}.Release|Any CPU.Build.0 = Release|Any CPU
		{479DAD90-5FF4-4195-AB7F-B2B131BAA744}.Release|Mixed Platforms.ActiveCfg = Release|Any CPU
		{479DAD90-5FF4-4195-AB7F-B2B131BAA744}.Release|Mixed Platforms.Build.0 = Release|Any CPU
		{479DAD90-5FF4-4195-AB7F-B2B131BAA744}.Release|x86.ActiveCfg = Release|Any CPU
		{7D7EF590-3463-4299-B530-1B80F01A3AAE}.Debug|Any CPU.ActiveCfg = Debug|Any CPU
		{7D7EF590-3463-4299-B530-1B80F01A3AAE}.Debug|Any CPU.Build.0 = Debug|Any CPU
		{7D7EF590-3463-4299-B530-1B80F01A3AAE}.Debug|Mixed Platforms.ActiveCfg = Debug|Any CPU
		{7D7EF590-3463-4299-B530-1B80F01A3AAE}.Debug|Mixed Platforms.Build.0 = Debug|Any CPU
		{7D7EF590-3463-4299-B530-1B80F01A3AAE}.Debug|x86.ActiveCfg = Debug|Any CPU
		{7D7EF590-3463-4299-B530-1B80F01A3AAE}.Release|Any CPU.ActiveCfg = Release|Any CPU
		{7D7EF590-3463-4299-B530-1B80F01A3AAE}.Release|Any CPU.Build.0 = Release|Any CPU
		{7D7EF590-3463-4299-B530-1B80F01A3AAE}.Release|Mixed Platforms.ActiveCfg = Release|Any CPU
		{7D7EF590-3463-4299-B530-1B80F01A3AAE}.Release|Mixed Platforms.Build.0 = Release|Any CPU
		{7D7EF590-3463-4299-B530-1B80F01A3AAE}.Release|x86.ActiveCfg = Release|Any CPU
		{6C5885CD-C6BC-4EAB-B533-CEAB542ED0EB}.Debug|Any CPU.ActiveCfg = Debug|Any CPU
		{6C5885CD-C6BC-4EAB-B533-CEAB542ED0EB}.Debug|Any CPU.Build.0 = Debug|Any CPU
		{6C5885CD-C6BC-4EAB-B533-CEAB542ED0EB}.Debug|Mixed Platforms.ActiveCfg = Debug|Any CPU
		{6C5885CD-C6BC-4EAB-B533-CEAB542ED0EB}.Debug|Mixed Platforms.Build.0 = Debug|Any CPU
		{6C5885CD-C6BC-4EAB-B533-CEAB542ED0EB}.Debug|x86.ActiveCfg = Debug|Any CPU
		{6C5885CD-C6BC-4EAB-B533-CEAB542ED0EB}.Release|Any CPU.ActiveCfg = Release|Any CPU
		{6C5885CD-C6BC-4EAB-B533-CEAB542ED0EB}.Release|Any CPU.Build.0 = Release|Any CPU
		{6C5885CD-C6BC-4EAB-B533-CEAB542ED0EB}.Release|Mixed Platforms.ActiveCfg = Release|Any CPU
		{6C5885CD-C6BC-4EAB-B533-CEAB542ED0EB}.Release|Mixed Platforms.Build.0 = Release|Any CPU
		{6C5885CD-C6BC-4EAB-B533-CEAB542ED0EB}.Release|x86.ActiveCfg = Release|Any CPU
	EndGlobalSection
	GlobalSection(SolutionProperties) = preSolution
		HideSolutionNode = FALSE
	EndGlobalSection
	GlobalSection(ExtensibilityGlobals) = postSolution
		VisualSVNWorkingCopyRoot = .
	EndGlobalSection
EndGlobal
